
Microsoft Visual Studio Solution File, Format Version 12.00
# Visual Studio 14
VisualStudioVersion = 14.0.25420.1
MinimumVisualStudioVersion = 10.0.40219.1
Project("{8BC9CEB8-8B4A-11D0-8D11-00A0C91BC942}") = "jimtcl", "jimtcl.vcxproj", "{1B3D0FB7-4471-4DD5-AE22-82939F1EACC0}"
	ProjectSection(ProjectDependencies) = postProject
		{7723A079-83DB-4244-8B5A-5A48EEC9B854} = {7723A079-83DB-4244-8B5A-5A48EEC9B854}
	EndProjectSection
EndProject
Project("{8BC9CEB8-8B4A-11D0-8D11-00A0C91BC942}") = "jimtcl_bootstrap", "autosetup\jimtcl_bootstrap.vcxproj", "{7723A079-83DB-4244-8B5A-5A48EEC9B854}"
EndProject
Global
	GlobalSection(SolutionConfigurationPlatforms) = preSolution
		Debug|Win32 = Debug|Win32
		Release|Win32 = Release|Win32
	EndGlobalSection
	GlobalSection(ProjectConfigurationPlatforms) = postSolution
		{1B3D0FB7-4471-4DD5-AE22-82939F1EACC0}.Debug|Win32.ActiveCfg = Debug|Win32
		{1B3D0FB7-4471-4DD5-AE22-82939F1EACC0}.Debug|Win32.Build.0 = Debug|Win32
		{1B3D0FB7-4471-4DD5-AE22-82939F1EACC0}.Release|Win32.ActiveCfg = Release|Win32
		{7723A079-83DB-4244-8B5A-5A48EEC9B854}.Debug|Win32.ActiveCfg = Debug|Win32
		{7723A079-83DB-4244-8B5A-5A48EEC9B854}.Debug|Win32.Build.0 = Debug|Win32
		{7723A079-83DB-4244-8B5A-5A48EEC9B854}.Release|Win32.ActiveCfg = Release|Win32
		{7723A079-83DB-4244-8B5A-5A48EEC9B854}.Release|Win32.Build.0 = Release|Win32
	EndGlobalSection
	GlobalSection(SolutionProperties) = preSolution
		HideSolutionNode = FALSE
	EndGlobalSection
EndGlobal
